
Microsoft Visual Studio Solution File, Format Version 12.00
# Visual Studio Version 17
VisualStudioVersion = 17.10.35122.118
MinimumVisualStudioVersion = 10.0.40219.1
Project("{FAE04EC0-301F-11D3-BF4B-00C04F79EFBC}") = "suba_catering", "suba_catering\suba_catering.csproj", "{48029B7D-6353-467E-B26D-12C9359AD8B5}"
EndProject
Global
	GlobalSection(SolutionConfigurationPlatforms) = preSolution
		Debug|Any CPU = Debug|Any CPU
		Release|Any CPU = Release|Any CPU
	EndGlobalSection
	GlobalSection(ProjectConfigurationPlatforms) = postSolution
		{48029B7D-6353-467E-B26D-12C9359AD8B5}.Debug|Any CPU.ActiveCfg = Debug|Any CPU
		{48029B7D-6353-467E-B26D-12C9359AD8B5}.Debug|Any CPU.Build.0 = Debug|Any CPU
		{48029B7D-6353-467E-B26D-12C9359AD8B5}.Release|Any CPU.ActiveCfg = Release|Any CPU
		{48029B7D-6353-467E-B26D-12C9359AD8B5}.Release|Any CPU.Build.0 = Release|Any CPU
	EndGlobalSection
	GlobalSection(SolutionProperties) = preSolution
		HideSolutionNode = FALSE
	EndGlobalSection
	GlobalSection(ExtensibilityGlobals) = postSolution
		SolutionGuid = {B3127E15-01C9-43B8-943C-2ADAF45E89BF}
	EndGlobalSection
EndGlobal
